
Microsoft Visual Studio Solution File, Format Version 12.00
# Visual Studio Version 16
VisualStudioVersion = 16.0.31424.327
MinimumVisualStudioVersion = 10.0.40219.1
Project("{FAE04EC0-301F-11D3-BF4B-00C04F79EFBC}") = "MyCartUI", "MyCartUI\MyCartUI.csproj", "{B7F1AE3B-AB06-48BD-8880-A0E8195015CF}"
EndProject
Project("{FAE04EC0-301F-11D3-BF4B-00C04F79EFBC}") = "MyCartBL", "MyCartBL\MyCartBL.csproj", "{37018F48-4FD6-4B91-8745-5753CC222152}"
EndProject
Global
	GlobalSection(SolutionConfigurationPlatforms) = preSolution
		Debug|Any CPU = Debug|Any CPU
		Release|Any CPU = Release|Any CPU
	EndGlobalSection
	GlobalSection(ProjectConfigurationPlatforms) = postSolution
		{B7F1AE3B-AB06-48BD-8880-A0E8195015CF}.Debug|Any CPU.ActiveCfg = Debug|Any CPU
		{B7F1AE3B-AB06-48BD-8880-A0E8195015CF}.Debug|Any CPU.Build.0 = Debug|Any CPU
		{B7F1AE3B-AB06-48BD-8880-A0E8195015CF}.Release|Any CPU.ActiveCfg = Release|Any CPU
		{B7F1AE3B-AB06-48BD-8880-A0E8195015CF}.Release|Any CPU.Build.0 = Release|Any CPU
		{37018F48-4FD6-4B91-8745-5753CC222152}.Debug|Any CPU.ActiveCfg = Debug|Any CPU
		{37018F48-4FD6-4B91-8745-5753CC222152}.Debug|Any CPU.Build.0 = Debug|Any CPU
		{37018F48-4FD6-4B91-8745-5753CC222152}.Release|Any CPU.ActiveCfg = Release|Any CPU
		{37018F48-4FD6-4B91-8745-5753CC222152}.Release|Any CPU.Build.0 = Release|Any CPU
	EndGlobalSection
	GlobalSection(SolutionProperties) = preSolution
		HideSolutionNode = FALSE
	EndGlobalSection
	GlobalSection(ExtensibilityGlobals) = postSolution
		SolutionGuid = {3C96A6A5-64A1-42A3-9C1D-5F7E870EBA16}
	EndGlobalSection
EndGlobal
